
Microsoft Visual Studio Solution File, Format Version 12.00
# Visual Studio Version 17
VisualStudioVersion = 17.0.32014.148
MinimumVisualStudioVersion = 10.0.40219.1
Project("{9A19103F-16F7-4668-BE54-9A1E7A4F7556}") = "Autojector.Abstractions", "src\Autojector.Abstractions\Autojector.Abstractions.csproj", "{BD33AF8B-7FBE-4D3D-AF21-1BEF0EE4DE37}"
EndProject
Project("{9A19103F-16F7-4668-BE54-9A1E7A4F7556}") = "Autojector", "src\Autojector\Autojector.csproj", "{ADFCBD5C-DAE4-4027-B81F-5CB9E2BC2ECE}"
EndProject
Project("{2150E333-8FDC-42A3-9474-1A3956D46DE8}") = "src", "src", "{AB8310C8-E8EA-47FA-8B80-9ABE34693D63}"
EndProject
Project("{2150E333-8FDC-42A3-9474-1A3956D46DE8}") = "tests", "tests", "{8AD146C8-B5C9-49F2-9F31-B3CA877CFDCB}"
EndProject
Project("{9A19103F-16F7-4668-BE54-9A1E7A4F7556}") = "Autojector.Tests", "tests\Autojector.Tests\Autojector.Tests.csproj", "{7F12E9FE-3102-487F-9040-CEA0BE53BCF1}"
EndProject
Project("{9A19103F-16F7-4668-BE54-9A1E7A4F7556}") = "InjectableClassesAssembly", "tests\InjectableClassesAssembly\InjectableClassesAssembly.csproj", "{419F3ED7-E1FC-477D-8762-DBA1248CDCDE}"
EndProject
Global
	GlobalSection(SolutionConfigurationPlatforms) = preSolution
		Debug|Any CPU = Debug|Any CPU
		Release|Any CPU = Release|Any CPU
	EndGlobalSection
	GlobalSection(ProjectConfigurationPlatforms) = postSolution
		{BD33AF8B-7FBE-4D3D-AF21-1BEF0EE4DE37}.Debug|Any CPU.ActiveCfg = Debug|Any CPU
		{BD33AF8B-7FBE-4D3D-AF21-1BEF0EE4DE37}.Debug|Any CPU.Build.0 = Debug|Any CPU
		{BD33AF8B-7FBE-4D3D-AF21-1BEF0EE4DE37}.Release|Any CPU.ActiveCfg = Release|Any CPU
		{BD33AF8B-7FBE-4D3D-AF21-1BEF0EE4DE37}.Release|Any CPU.Build.0 = Release|Any CPU
		{ADFCBD5C-DAE4-4027-B81F-5CB9E2BC2ECE}.Debug|Any CPU.ActiveCfg = Debug|Any CPU
		{ADFCBD5C-DAE4-4027-B81F-5CB9E2BC2ECE}.Debug|Any CPU.Build.0 = Debug|Any CPU
		{ADFCBD5C-DAE4-4027-B81F-5CB9E2BC2ECE}.Release|Any CPU.ActiveCfg = Release|Any CPU
		{ADFCBD5C-DAE4-4027-B81F-5CB9E2BC2ECE}.Release|Any CPU.Build.0 = Release|Any CPU
		{7F12E9FE-3102-487F-9040-CEA0BE53BCF1}.Debug|Any CPU.ActiveCfg = Debug|Any CPU
		{7F12E9FE-3102-487F-9040-CEA0BE53BCF1}.Debug|Any CPU.Build.0 = Debug|Any CPU
		{7F12E9FE-3102-487F-9040-CEA0BE53BCF1}.Release|Any CPU.ActiveCfg = Release|Any CPU
		{7F12E9FE-3102-487F-9040-CEA0BE53BCF1}.Release|Any CPU.Build.0 = Release|Any CPU
		{419F3ED7-E1FC-477D-8762-DBA1248CDCDE}.Debug|Any CPU.ActiveCfg = Debug|Any CPU
		{419F3ED7-E1FC-477D-8762-DBA1248CDCDE}.Debug|Any CPU.Build.0 = Debug|Any CPU
		{419F3ED7-E1FC-477D-8762-DBA1248CDCDE}.Release|Any CPU.ActiveCfg = Release|Any CPU
		{419F3ED7-E1FC-477D-8762-DBA1248CDCDE}.Release|Any CPU.Build.0 = Release|Any CPU
	EndGlobalSection
	GlobalSection(SolutionProperties) = preSolution
		HideSolutionNode = FALSE
	EndGlobalSection
	GlobalSection(NestedProjects) = preSolution
		{BD33AF8B-7FBE-4D3D-AF21-1BEF0EE4DE37} = {AB8310C8-E8EA-47FA-8B80-9ABE34693D63}
		{ADFCBD5C-DAE4-4027-B81F-5CB9E2BC2ECE} = {AB8310C8-E8EA-47FA-8B80-9ABE34693D63}
		{7F12E9FE-3102-487F-9040-CEA0BE53BCF1} = {8AD146C8-B5C9-49F2-9F31-B3CA877CFDCB}
		{419F3ED7-E1FC-477D-8762-DBA1248CDCDE} = {8AD146C8-B5C9-49F2-9F31-B3CA877CFDCB}
	EndGlobalSection
	GlobalSection(ExtensibilityGlobals) = postSolution
		SolutionGuid = {4CBB590B-44B3-4455-B190-E1BDC0A2B914}
	EndGlobalSection
EndGlobal
